// !$*UTF8*$!
{
	archiveVersion = 1;
	classes = {
	};
	objectVersion = 56;
	objects = {

/* Begin PBXBuildFile section */
		05A34E85B7CF6864C0C20365 /* Pods_EnFitnessPal_IOSNative.framework in Frameworks */ = {isa = PBXBuildFile; fileRef = 66085FAE61C5710AA9F93DDE /* Pods_EnFitnessPal_IOSNative.framework */; };
		D412448C2A85E74900E51E8A /* TabBarController.m in Sources */ = {isa = PBXBuildFile; fileRef = D412448B2A85E74900E51E8A /* TabBarController.m */; };
		D412448F2A85E79700E51E8A /* SettingsViewController.m in Sources */ = {isa = PBXBuildFile; fileRef = D412448E2A85E79700E51E8A /* SettingsViewController.m */; };
		D41244932A861E9100E51E8A /* AFNetworking in Frameworks */ = {isa = PBXBuildFile; productRef = D41244922A861E9100E51E8A /* AFNetworking */; };
		D42A2F8F2A8B50E300A13EC2 /* ProfileViewController.m in Sources */ = {isa = PBXBuildFile; fileRef = D42A2F8E2A8B50E300A13EC2 /* ProfileViewController.m */; };
		D46562BA2A7A4C2E004B8BF0 /* AppDelegate.m in Sources */ = {isa = PBXBuildFile; fileRef = D46562B92A7A4C2E004B8BF0 /* AppDelegate.m */; };
		D46562BD2A7A4C2E004B8BF0 /* SceneDelegate.m in Sources */ = {isa = PBXBuildFile; fileRef = D46562BC2A7A4C2E004B8BF0 /* SceneDelegate.m */; };
		D46562C02A7A4C2E004B8BF0 /* LoginViewController.m in Sources */ = {isa = PBXBuildFile; fileRef = D46562BF2A7A4C2E004B8BF0 /* LoginViewController.m */; };
		D46562C32A7A4C2E004B8BF0 /* Main.storyboard in Resources */ = {isa = PBXBuildFile; fileRef = D46562C12A7A4C2E004B8BF0 /* Main.storyboard */; };
		D46562C52A7A4C30004B8BF0 /* Assets.xcassets in Resources */ = {isa = PBXBuildFile; fileRef = D46562C42A7A4C30004B8BF0 /* Assets.xcassets */; };
		D46562C82A7A4C30004B8BF0 /* LaunchScreen.storyboard in Resources */ = {isa = PBXBuildFile; fileRef = D46562C62A7A4C30004B8BF0 /* LaunchScreen.storyboard */; };
		D46562CB2A7A4C30004B8BF0 /* main.m in Sources */ = {isa = PBXBuildFile; fileRef = D46562CA2A7A4C30004B8BF0 /* main.m */; };
		D47220892A8C62640006B49F /* CellPageControl.m in Sources */ = {isa = PBXBuildFile; fileRef = D47220882A8C62640006B49F /* CellPageControl.m */; };
		D49E32792A7CD63300F6052E /* HomeViewController.m in Sources */ = {isa = PBXBuildFile; fileRef = D49E32782A7CD63300F6052E /* HomeViewController.m */; };
		D4ABC8002A832BD90007181F /* RegisterViewController.m in Sources */ = {isa = PBXBuildFile; fileRef = D4ABC7FF2A832BD90007181F /* RegisterViewController.m */; };
		D4C1D2132A80A36B00BECA97 /* CustomTableCell.m in Sources */ = {isa = PBXBuildFile; fileRef = D4C1D2122A80A36B00BECA97 /* CustomTableCell.m */; };
/* End PBXBuildFile section */

/* Begin PBXCopyFilesBuildPhase section */
		D425E81C2A89BF690079FEA1 /* Embed Frameworks */ = {
			isa = PBXCopyFilesBuildPhase;
			buildActionMask = 2147483647;
			dstPath = "";
			dstSubfolderSpec = 10;
			files = (
			);
			name = "Embed Frameworks";
			runOnlyForDeploymentPostprocessing = 0;
		};
/* End PBXCopyFilesBuildPhase section */

/* Begin PBXFileReference section */
		275861DE553AC71EC5CA01E3 /* Pods-EnFitnessPal_IOSNative.debug.xcconfig */ = {isa = PBXFileReference; includeInIndex = 1; lastKnownFileType = text.xcconfig; name = "Pods-EnFitnessPal_IOSNative.debug.xcconfig"; path = "Target Support Files/Pods-EnFitnessPal_IOSNative/Pods-EnFitnessPal_IOSNative.debug.xcconfig"; sourceTree = "<group>"; };
		66085FAE61C5710AA9F93DDE /* Pods_EnFitnessPal_IOSNative.framework */ = {isa = PBXFileReference; explicitFileType = wrapper.framework; includeInIndex = 0; path = Pods_EnFitnessPal_IOSNative.framework; sourceTree = BUILT_PRODUCTS_DIR; };
		D412448A2A85E74900E51E8A /* TabBarController.h */ = {isa = PBXFileReference; lastKnownFileType = sourcecode.c.h; path = TabBarController.h; sourceTree = "<group>"; };
		D412448B2A85E74900E51E8A /* TabBarController.m */ = {isa = PBXFileReference; lastKnownFileType = sourcecode.c.objc; path = TabBarController.m; sourceTree = "<group>"; };
		D412448D2A85E79700E51E8A /* SettingsViewController.h */ = {isa = PBXFileReference; lastKnownFileType = sourcecode.c.h; path = SettingsViewController.h; sourceTree = "<group>"; };
		D412448E2A85E79700E51E8A /* SettingsViewController.m */ = {isa = PBXFileReference; lastKnownFileType = sourcecode.c.objc; path = SettingsViewController.m; sourceTree = "<group>"; };
		D425E84E2A89C2F70079FEA1 /* EnFitnessPal_IOSNative */ = {isa = PBXFileReference; lastKnownFileType = folder; path = EnFitnessPal_IOSNative; sourceTree = "<group>"; };
		D42A2F8D2A8B50E300A13EC2 /* ProfileViewController.h */ = {isa = PBXFileReference; lastKnownFileType = sourcecode.c.h; path = ProfileViewController.h; sourceTree = "<group>"; };
		D42A2F8E2A8B50E300A13EC2 /* ProfileViewController.m */ = {isa = PBXFileReference; lastKnownFileType = sourcecode.c.objc; path = ProfileViewController.m; sourceTree = "<group>"; };
		D46562B52A7A4C2E004B8BF0 /* EnFitnessPal_IOSNative.app */ = {isa = PBXFileReference; explicitFileType = wrapper.application; includeInIndex = 0; path = EnFitnessPal_IOSNative.app; sourceTree = BUILT_PRODUCTS_DIR; };
		D46562B82A7A4C2E004B8BF0 /* AppDelegate.h */ = {isa = PBXFileReference; lastKnownFileType = sourcecode.c.h; path = AppDelegate.h; sourceTree = "<group>"; };
		D46562B92A7A4C2E004B8BF0 /* AppDelegate.m */ = {isa = PBXFileReference; lastKnownFileType = sourcecode.c.objc; path = AppDelegate.m; sourceTree = "<group>"; };
		D46562BB2A7A4C2E004B8BF0 /* SceneDelegate.h */ = {isa = PBXFileReference; lastKnownFileType = sourcecode.c.h; path = SceneDelegate.h; sourceTree = "<group>"; };
		D46562BC2A7A4C2E004B8BF0 /* SceneDelegate.m */ = {isa = PBXFileReference; lastKnownFileType = sourcecode.c.objc; path = SceneDelegate.m; sourceTree = "<group>"; };
		D46562BE2A7A4C2E004B8BF0 /* LoginViewController.h */ = {isa = PBXFileReference; lastKnownFileType = sourcecode.c.h; path = LoginViewController.h; sourceTree = "<group>"; };
		D46562BF2A7A4C2E004B8BF0 /* LoginViewController.m */ = {isa = PBXFileReference; lastKnownFileType = sourcecode.c.objc; path = LoginViewController.m; sourceTree = "<group>"; };
		D46562C22A7A4C2E004B8BF0 /* Base */ = {isa = PBXFileReference; lastKnownFileType = file.storyboard; name = Base; path = Base.lproj/Main.storyboard; sourceTree = "<group>"; };
		D46562C42A7A4C30004B8BF0 /* Assets.xcassets */ = {isa = PBXFileReference; lastKnownFileType = folder.assetcatalog; path = Assets.xcassets; sourceTree = "<group>"; };
		D46562C72A7A4C30004B8BF0 /* Base */ = {isa = PBXFileReference; lastKnownFileType = file.storyboard; name = Base; path = Base.lproj/LaunchScreen.storyboard; sourceTree = "<group>"; };
		D46562C92A7A4C30004B8BF0 /* Info.plist */ = {isa = PBXFileReference; lastKnownFileType = text.plist.xml; path = Info.plist; sourceTree = "<group>"; };
		D46562CA2A7A4C30004B8BF0 /* main.m */ = {isa = PBXFileReference; lastKnownFileType = sourcecode.c.objc; path = main.m; sourceTree = "<group>"; };
		D47220872A8C62640006B49F /* CellPageControl.h */ = {isa = PBXFileReference; lastKnownFileType = sourcecode.c.h; path = CellPageControl.h; sourceTree = "<group>"; };
		D47220882A8C62640006B49F /* CellPageControl.m */ = {isa = PBXFileReference; lastKnownFileType = sourcecode.c.objc; path = CellPageControl.m; sourceTree = "<group>"; };
		D49E32772A7CD63300F6052E /* HomeViewController.h */ = {isa = PBXFileReference; lastKnownFileType = sourcecode.c.h; path = HomeViewController.h; sourceTree = "<group>"; };
		D49E32782A7CD63300F6052E /* HomeViewController.m */ = {isa = PBXFileReference; lastKnownFileType = sourcecode.c.objc; path = HomeViewController.m; sourceTree = "<group>"; };
		D4ABC7FE2A832BD90007181F /* RegisterViewController.h */ = {isa = PBXFileReference; lastKnownFileType = sourcecode.c.h; path = RegisterViewController.h; sourceTree = "<group>"; };
		D4ABC7FF2A832BD90007181F /* RegisterViewController.m */ = {isa = PBXFileReference; lastKnownFileType = sourcecode.c.objc; path = RegisterViewController.m; sourceTree = "<group>"; };
		D4C1D2112A80A36B00BECA97 /* CustomTableCell.h */ = {isa = PBXFileReference; lastKnownFileType = sourcecode.c.h; path = CustomTableCell.h; sourceTree = "<group>"; };
		D4C1D2122A80A36B00BECA97 /* CustomTableCell.m */ = {isa = PBXFileReference; lastKnownFileType = sourcecode.c.objc; path = CustomTableCell.m; sourceTree = "<group>"; };
		DD7C3493B638C4046AC1553E /* Pods-EnFitnessPal_IOSNative.release.xcconfig */ = {isa = PBXFileReference; includeInIndex = 1; lastKnownFileType = text.xcconfig; name = "Pods-EnFitnessPal_IOSNative.release.xcconfig"; path = "Target Support Files/Pods-EnFitnessPal_IOSNative/Pods-EnFitnessPal_IOSNative.release.xcconfig"; sourceTree = "<group>"; };
/* End PBXFileReference section */

/* Begin PBXFrameworksBuildPhase section */
		D46562B22A7A4C2E004B8BF0 /* Frameworks */ = {
			isa = PBXFrameworksBuildPhase;
			buildActionMask = 2147483647;
			files = (
				D41244932A861E9100E51E8A /* AFNetworking in Frameworks */,
				05A34E85B7CF6864C0C20365 /* Pods_EnFitnessPal_IOSNative.framework in Frameworks */,
			);
			runOnlyForDeploymentPostprocessing = 0;
		};
/* End PBXFrameworksBuildPhase section */

/* Begin PBXGroup section */
		1DD640028E2F01691EE8BB91 /* Frameworks */ = {
			isa = PBXGroup;
			children = (
				D425E84E2A89C2F70079FEA1 /* EnFitnessPal_IOSNative */,
				66085FAE61C5710AA9F93DDE /* Pods_EnFitnessPal_IOSNative.framework */,
			);
			name = Frameworks;
			sourceTree = "<group>";
		};
		2DD34D5AAD77180454C64682 /* Pods */ = {
			isa = PBXGroup;
			children = (
				275861DE553AC71EC5CA01E3 /* Pods-EnFitnessPal_IOSNative.debug.xcconfig */,
				DD7C3493B638C4046AC1553E /* Pods-EnFitnessPal_IOSNative.release.xcconfig */,
			);
			path = Pods;
			sourceTree = "<group>";
		};
		D46562AC2A7A4C2E004B8BF0 = {
			isa = PBXGroup;
			children = (
				D46562B72A7A4C2E004B8BF0 /* EnFitnessPal_IOSNative */,
				D46562B62A7A4C2E004B8BF0 /* Products */,
				2DD34D5AAD77180454C64682 /* Pods */,
				1DD640028E2F01691EE8BB91 /* Frameworks */,
			);
			sourceTree = "<group>";
		};
		D46562B62A7A4C2E004B8BF0 /* Products */ = {
			isa = PBXGroup;
			children = (
				D46562B52A7A4C2E004B8BF0 /* EnFitnessPal_IOSNative.app */,
			);
			name = Products;
			sourceTree = "<group>";
		};
		D46562B72A7A4C2E004B8BF0 /* EnFitnessPal_IOSNative */ = {
			isa = PBXGroup;
			children = (
				D46562B82A7A4C2E004B8BF0 /* AppDelegate.h */,
				D46562B92A7A4C2E004B8BF0 /* AppDelegate.m */,
				D46562BB2A7A4C2E004B8BF0 /* SceneDelegate.h */,
				D46562BC2A7A4C2E004B8BF0 /* SceneDelegate.m */,
				D46562BE2A7A4C2E004B8BF0 /* LoginViewController.h */,
				D46562BF2A7A4C2E004B8BF0 /* LoginViewController.m */,
				D49E32772A7CD63300F6052E /* HomeViewController.h */,
				D49E32782A7CD63300F6052E /* HomeViewController.m */,
				D46562C12A7A4C2E004B8BF0 /* Main.storyboard */,
				D46562C42A7A4C30004B8BF0 /* Assets.xcassets */,
				D46562C62A7A4C30004B8BF0 /* LaunchScreen.storyboard */,
				D46562C92A7A4C30004B8BF0 /* Info.plist */,
				D46562CA2A7A4C30004B8BF0 /* main.m */,
				D4C1D2112A80A36B00BECA97 /* CustomTableCell.h */,
				D4C1D2122A80A36B00BECA97 /* CustomTableCell.m */,
				D4ABC7FE2A832BD90007181F /* RegisterViewController.h */,
				D4ABC7FF2A832BD90007181F /* RegisterViewController.m */,
				D412448A2A85E74900E51E8A /* TabBarController.h */,
				D412448B2A85E74900E51E8A /* TabBarController.m */,
				D412448D2A85E79700E51E8A /* SettingsViewController.h */,
				D412448E2A85E79700E51E8A /* SettingsViewController.m */,
				D42A2F8D2A8B50E300A13EC2 /* ProfileViewController.h */,
				D42A2F8E2A8B50E300A13EC2 /* ProfileViewController.m */,
				D47220872A8C62640006B49F /* CellPageControl.h */,
				D47220882A8C62640006B49F /* CellPageControl.m */,
			);
			path = EnFitnessPal_IOSNative;
			sourceTree = "<group>";
		};
/* End PBXGroup section */

/* Begin PBXNativeTarget section */
		D46562B42A7A4C2E004B8BF0 /* EnFitnessPal_IOSNative */ = {
			isa = PBXNativeTarget;
			buildConfigurationList = D46562CE2A7A4C30004B8BF0 /* Build configuration list for PBXNativeTarget "EnFitnessPal_IOSNative" */;
			buildPhases = (
				E736CD2E386BC777208E5CF7 /* [CP] Check Pods Manifest.lock */,
				D46562B12A7A4C2E004B8BF0 /* Sources */,
				D46562B22A7A4C2E004B8BF0 /* Frameworks */,
				D46562B32A7A4C2E004B8BF0 /* Resources */,
				D425E81C2A89BF690079FEA1 /* Embed Frameworks */,
				3D8212F46303F8F0042CD9A1 /* [CP] Embed Pods Frameworks */,
			);
			buildRules = (
			);
			dependencies = (
			);
			name = EnFitnessPal_IOSNative;
			packageProductDependencies = (
				D41244922A861E9100E51E8A /* AFNetworking */,
			);
			productName = EnFitnessPal_IOSNative;
			productReference = D46562B52A7A4C2E004B8BF0 /* EnFitnessPal_IOSNative.app */;
			productType = "com.apple.product-type.application";
		};
/* End PBXNativeTarget section */

/* Begin PBXProject section */
		D46562AD2A7A4C2E004B8BF0 /* Project object */ = {
			isa = PBXProject;
			attributes = {
				BuildIndependentTargetsInParallel = 1;
				LastUpgradeCheck = 1430;
				TargetAttributes = {
					D46562B42A7A4C2E004B8BF0 = {
						CreatedOnToolsVersion = 14.3.1;
					};
				};
			};
			buildConfigurationList = D46562B02A7A4C2E004B8BF0 /* Build configuration list for PBXProject "EnFitnessPal_IOSNative" */;
			compatibilityVersion = "Xcode 14.0";
			developmentRegion = en;
			hasScannedForEncodings = 0;
			knownRegions = (
				en,
				Base,
			);
			mainGroup = D46562AC2A7A4C2E004B8BF0;
			packageReferences = (
				D41244912A861E9100E51E8A /* XCRemoteSwiftPackageReference "AFNetworking.git" */,
			);
			productRefGroup = D46562B62A7A4C2E004B8BF0 /* Products */;
			projectDirPath = "";
			projectRoot = "";
			targets = (
				D46562B42A7A4C2E004B8BF0 /* EnFitnessPal_IOSNative */,
			);
		};
/* End PBXProject section */

/* Begin PBXResourcesBuildPhase section */
		D46562B32A7A4C2E004B8BF0 /* Resources */ = {
			isa = PBXResourcesBuildPhase;
			buildActionMask = 2147483647;
			files = (
				D46562C82A7A4C30004B8BF0 /* LaunchScreen.storyboard in Resources */,
				D46562C52A7A4C30004B8BF0 /* Assets.xcassets in Resources */,
				D46562C32A7A4C2E004B8BF0 /* Main.storyboard in Resources */,
			);
			runOnlyForDeploymentPostprocessing = 0;
		};
/* End PBXResourcesBuildPhase section */

/* Begin PBXShellScriptBuildPhase section */
		3D8212F46303F8F0042CD9A1 /* [CP] Embed Pods Frameworks */ = {
			isa = PBXShellScriptBuildPhase;
			buildActionMask = 2147483647;
			files = (
			);
			inputFileListPaths = (
				"${PODS_ROOT}/Target Support Files/Pods-EnFitnessPal_IOSNative/Pods-EnFitnessPal_IOSNative-frameworks-${CONFIGURATION}-input-files.xcfilelist",
			);
			name = "[CP] Embed Pods Frameworks";
			outputFileListPaths = (
				"${PODS_ROOT}/Target Support Files/Pods-EnFitnessPal_IOSNative/Pods-EnFitnessPal_IOSNative-frameworks-${CONFIGURATION}-output-files.xcfilelist",
			);
			runOnlyForDeploymentPostprocessing = 0;
			shellPath = /bin/sh;
			shellScript = "\"${PODS_ROOT}/Target Support Files/Pods-EnFitnessPal_IOSNative/Pods-EnFitnessPal_IOSNative-frameworks.sh\"\n";
			showEnvVarsInLog = 0;
		};
		E736CD2E386BC777208E5CF7 /* [CP] Check Pods Manifest.lock */ = {
			isa = PBXShellScriptBuildPhase;
			buildActionMask = 2147483647;
			files = (
			);
			inputFileListPaths = (
			);
			inputPaths = (
				"${PODS_PODFILE_DIR_PATH}/Podfile.lock",
				"${PODS_ROOT}/Manifest.lock",
			);
			name = "[CP] Check Pods Manifest.lock";
			outputFileListPaths = (
			);
			outputPaths = (
				"$(DERIVED_FILE_DIR)/Pods-EnFitnessPal_IOSNative-checkManifestLockResult.txt",
			);
			runOnlyForDeploymentPostprocessing = 0;
			shellPath = /bin/sh;
			shellScript = "diff \"${PODS_PODFILE_DIR_PATH}/Podfile.lock\" \"${PODS_ROOT}/Manifest.lock\" > /dev/null\nif [ $? != 0 ] ; then\n    # print error to STDERR\n    echo \"error: The sandbox is not in sync with the Podfile.lock. Run 'pod install' or update your CocoaPods installation.\" >&2\n    exit 1\nfi\n# This output is used by Xcode 'outputs' to avoid re-running this script phase.\necho \"SUCCESS\" > \"${SCRIPT_OUTPUT_FILE_0}\"\n";
			showEnvVarsInLog = 0;
		};
/* End PBXShellScriptBuildPhase section */

/* Begin PBXSourcesBuildPhase section */
		D46562B12A7A4C2E004B8BF0 /* Sources */ = {
			isa = PBXSourcesBuildPhase;
			buildActionMask = 2147483647;
			files = (
				D46562C02A7A4C2E004B8BF0 /* LoginViewController.m in Sources */,
				D46562BA2A7A4C2E004B8BF0 /* AppDelegate.m in Sources */,
				D46562CB2A7A4C30004B8BF0 /* main.m in Sources */,
				D47220892A8C62640006B49F /* CellPageControl.m in Sources */,
				D412448F2A85E79700E51E8A /* SettingsViewController.m in Sources */,
				D42A2F8F2A8B50E300A13EC2 /* ProfileViewController.m in Sources */,
				D49E32792A7CD63300F6052E /* HomeViewController.m in Sources */,
				D4ABC8002A832BD90007181F /* RegisterViewController.m in Sources */,
				D412448C2A85E74900E51E8A /* TabBarController.m in Sources */,
				D46562BD2A7A4C2E004B8BF0 /* SceneDelegate.m in Sources */,
				D4C1D2132A80A36B00BECA97 /* CustomTableCell.m in Sources */,
			);
			runOnlyForDeploymentPostprocessing = 0;
		};
/* End PBXSourcesBuildPhase section */

/* Begin PBXVariantGroup section */
		D46562C12A7A4C2E004B8BF0 /* Main.storyboard */ = {
			isa = PBXVariantGroup;
			children = (
				D46562C22A7A4C2E004B8BF0 /* Base */,
			);
			name = Main.storyboard;
			sourceTree = "<group>";
		};
		D46562C62A7A4C30004B8BF0 /* LaunchScreen.storyboard */ = {
			isa = PBXVariantGroup;
			children = (
				D46562C72A7A4C30004B8BF0 /* Base */,
			);
			name = LaunchScreen.storyboard;
			sourceTree = "<group>";
		};
/* End PBXVariantGroup section */

/* Begin XCBuildConfiguration section */
		D46562CC2A7A4C30004B8BF0 /* Debug */ = {
			isa = XCBuildConfiguration;
			buildSettings = {
				ALWAYS_SEARCH_USER_PATHS = NO;
				CLANG_ANALYZER_NONNULL = YES;
				CLANG_ANALYZER_NUMBER_OBJECT_CONVERSION = YES_AGGRESSIVE;
				CLANG_CXX_LANGUAGE_STANDARD = "gnu++20";
				CLANG_ENABLE_MODULES = YES;
				CLANG_ENABLE_OBJC_ARC = YES;
				CLANG_ENABLE_OBJC_WEAK = YES;
				CLANG_WARN_BLOCK_CAPTURE_AUTORELEASING = YES;
				CLANG_WARN_BOOL_CONVERSION = YES;
				CLANG_WARN_COMMA = YES;
				CLANG_WARN_CONSTANT_CONVERSION = YES;
				CLANG_WARN_DEPRECATED_OBJC_IMPLEMENTATIONS = YES;
				CLANG_WARN_DIRECT_OBJC_ISA_USAGE = YES_ERROR;
				CLANG_WARN_DOCUMENTATION_COMMENTS = YES;
				CLANG_WARN_EMPTY_BODY = YES;
				CLANG_WARN_ENUM_CONVERSION = YES;
				CLANG_WARN_INFINITE_RECURSION = YES;
				CLANG_WARN_INT_CONVERSION = YES;
				CLANG_WARN_NON_LITERAL_NULL_CONVERSION = YES;
				CLANG_WARN_OBJC_IMPLICIT_RETAIN_SELF = YES;
				CLANG_WARN_OBJC_LITERAL_CONVERSION = YES;
				CLANG_WARN_OBJC_ROOT_CLASS = YES_ERROR;
				CLANG_WARN_QUOTED_INCLUDE_IN_FRAMEWORK_HEADER = YES;
				CLANG_WARN_RANGE_LOOP_ANALYSIS = YES;
				CLANG_WARN_STRICT_PROTOTYPES = YES;
				CLANG_WARN_SUSPICIOUS_MOVE = YES;
				CLANG_WARN_UNGUARDED_AVAILABILITY = YES_AGGRESSIVE;
				CLANG_WARN_UNREACHABLE_CODE = YES;
				CLANG_WARN__DUPLICATE_METHOD_MATCH = YES;
				COPY_PHASE_STRIP = NO;
				DEBUG_INFORMATION_FORMAT = dwarf;
				ENABLE_STRICT_OBJC_MSGSEND = YES;
				ENABLE_TESTABILITY = YES;
				GCC_C_LANGUAGE_STANDARD = gnu11;
				GCC_DYNAMIC_NO_PIC = NO;
				GCC_NO_COMMON_BLOCKS = YES;
				GCC_OPTIMIZATION_LEVEL = 0;
				GCC_PREPROCESSOR_DEFINITIONS = (
					"DEBUG=1",
					"$(inherited)",
				);
				GCC_WARN_64_TO_32_BIT_CONVERSION = YES;
				GCC_WARN_ABOUT_RETURN_TYPE = YES_ERROR;
				GCC_WARN_UNDECLARED_SELECTOR = YES;
				GCC_WARN_UNINITIALIZED_AUTOS = YES_AGGRESSIVE;
				GCC_WARN_UNUSED_FUNCTION = YES;
				GCC_WARN_UNUSED_VARIABLE = YES;
				IPHONEOS_DEPLOYMENT_TARGET = 11.0;
				MTL_ENABLE_DEBUG_INFO = INCLUDE_SOURCE;
				MTL_FAST_MATH = YES;
				ONLY_ACTIVE_ARCH = YES;
				SDKROOT = iphoneos;
			};
			name = Debug;
		};
		D46562CD2A7A4C30004B8BF0 /* Release */ = {
			isa = XCBuildConfiguration;
			buildSettings = {
				ALWAYS_SEARCH_USER_PATHS = NO;
				CLANG_ANALYZER_NONNULL = YES;
				CLANG_ANALYZER_NUMBER_OBJECT_CONVERSION = YES_AGGRESSIVE;
				CLANG_CXX_LANGUAGE_STANDARD = "gnu++20";
				CLANG_ENABLE_MODULES = YES;
				CLANG_ENABLE_OBJC_ARC = YES;
				CLANG_ENABLE_OBJC_WEAK = YES;
				CLANG_WARN_BLOCK_CAPTURE_AUTORELEASING = YES;
				CLANG_WARN_BOOL_CONVERSION = YES;
				CLANG_WARN_COMMA = YES;
				CLANG_WARN_CONSTANT_CONVERSION = YES;
				CLANG_WARN_DEPRECATED_OBJC_IMPLEMENTATIONS = YES;
				CLANG_WARN_DIRECT_OBJC_ISA_USAGE = YES_ERROR;
				CLANG_WARN_DOCUMENTATION_COMMENTS = YES;
				CLANG_WARN_EMPTY_BODY = YES;
				CLANG_WARN_ENUM_CONVERSION = YES;
				CLANG_WARN_INFINITE_RECURSION = YES;
				CLANG_WARN_INT_CONVERSION = YES;
				CLANG_WARN_NON_LITERAL_NULL_CONVERSION = YES;
				CLANG_WARN_OBJC_IMPLICIT_RETAIN_SELF = YES;
				CLANG_WARN_OBJC_LITERAL_CONVERSION = YES;
				CLANG_WARN_OBJC_ROOT_CLASS = YES_ERROR;
				CLANG_WARN_QUOTED_INCLUDE_IN_FRAMEWORK_HEADER = YES;
				CLANG_WARN_RANGE_LOOP_ANALYSIS = YES;
				CLANG_WARN_STRICT_PROTOTYPES = YES;
				CLANG_WARN_SUSPICIOUS_MOVE = YES;
				CLANG_WARN_UNGUARDED_AVAILABILITY = YES_AGGRESSIVE;
				CLANG_WARN_UNREACHABLE_CODE = YES;
				CLANG_WARN__DUPLICATE_METHOD_MATCH = YES;
				COPY_PHASE_STRIP = NO;
				DEBUG_INFORMATION_FORMAT = "dwarf-with-dsym";
				ENABLE_NS_ASSERTIONS = NO;
				ENABLE_STRICT_OBJC_MSGSEND = YES;
				GCC_C_LANGUAGE_STANDARD = gnu11;
				GCC_NO_COMMON_BLOCKS = YES;
				GCC_WARN_64_TO_32_BIT_CONVERSION = YES;
				GCC_WARN_ABOUT_RETURN_TYPE = YES_ERROR;
				GCC_WARN_UNDECLARED_SELECTOR = YES;
				GCC_WARN_UNINITIALIZED_AUTOS = YES_AGGRESSIVE;
				GCC_WARN_UNUSED_FUNCTION = YES;
				GCC_WARN_UNUSED_VARIABLE = YES;
				IPHONEOS_DEPLOYMENT_TARGET = 11.0;
				MTL_ENABLE_DEBUG_INFO = NO;
				MTL_FAST_MATH = YES;
				SDKROOT = iphoneos;
				VALIDATE_PRODUCT = YES;
			};
			name = Release;
		};
		D46562CF2A7A4C30004B8BF0 /* Debug */ = {
			isa = XCBuildConfiguration;
			baseConfigurationReference = 275861DE553AC71EC5CA01E3 /* Pods-EnFitnessPal_IOSNative.debug.xcconfig */;
			buildSettings = {
				ASSETCATALOG_COMPILER_APPICON_NAME = AppIcon;
				ASSETCATALOG_COMPILER_GLOBAL_ACCENT_COLOR_NAME = AccentColor;
				CODE_SIGN_STYLE = Automatic;
				CURRENT_PROJECT_VERSION = 1;
				GENERATE_INFOPLIST_FILE = YES;
				INFOPLIST_FILE = EnFitnessPal_IOSNative/Info.plist;
				INFOPLIST_KEY_UIApplicationSupportsIndirectInputEvents = YES;
				INFOPLIST_KEY_UILaunchStoryboardName = LaunchScreen;
				INFOPLIST_KEY_UIMainStoryboardFile = Main;
				INFOPLIST_KEY_UISupportedInterfaceOrientations_iPad = "UIInterfaceOrientationPortrait UIInterfaceOrientationPortraitUpsideDown UIInterfaceOrientationLandscapeLeft UIInterfaceOrientationLandscapeRight";
				INFOPLIST_KEY_UISupportedInterfaceOrientations_iPhone = "UIInterfaceOrientationPortrait UIInterfaceOrientationLandscapeLeft UIInterfaceOrientationLandscapeRight";
				IPHONEOS_DEPLOYMENT_TARGET = 16.4;
				LD_RUNPATH_SEARCH_PATHS = (
					"$(inherited)",
					"@executable_path/Frameworks",
				);
				MARKETING_VERSION = 1.0;
				PRODUCT_BUNDLE_IDENTIFIER = "com.example.apple.EnFitnessPal-IOSNative";
				PRODUCT_NAME = "$(TARGET_NAME)";
				SWIFT_EMIT_LOC_STRINGS = YES;
				TARGETED_DEVICE_FAMILY = "1,2";
			};
			name = Debug;
		};
		D46562D02A7A4C30004B8BF0 /* Release */ = {
			isa = XCBuildConfiguration;
			baseConfigurationReference = DD7C3493B638C4046AC1553E /* Pods-EnFitnessPal_IOSNative.release.xcconfig */;
			buildSettings = {
				ASSETCATALOG_COMPILER_APPICON_NAME = AppIcon;
				ASSETCATALOG_COMPILER_GLOBAL_ACCENT_COLOR_NAME = AccentColor;
				CODE_SIGN_STYLE = Automatic;
				CURRENT_PROJECT_VERSION = 1;
				GENERATE_INFOPLIST_FILE = YES;
				INFOPLIST_FILE = EnFitnessPal_IOSNative/Info.plist;
				INFOPLIST_KEY_UIApplicationSupportsIndirectInputEvents = YES;
				INFOPLIST_KEY_UILaunchStoryboardName = LaunchScreen;
				INFOPLIST_KEY_UIMainStoryboardFile = Main;
				INFOPLIST_KEY_UISupportedInterfaceOrientations_iPad = "UIInterfaceOrientationPortrait UIInterfaceOrientationPortraitUpsideDown UIInterfaceOrientationLandscapeLeft UIInterfaceOrientationLandscapeRight";
				INFOPLIST_KEY_UISupportedInterfaceOrientations_iPhone = "UIInterfaceOrientationPortrait UIInterfaceOrientationLandscapeLeft UIInterfaceOrientationLandscapeRight";
				IPHONEOS_DEPLOYMENT_TARGET = 16.4;
				LD_RUNPATH_SEARCH_PATHS = (
					"$(inherited)",
					"@executable_path/Frameworks",
				);
				MARKETING_VERSION = 1.0;
				PRODUCT_BUNDLE_IDENTIFIER = "com.example.apple.EnFitnessPal-IOSNative";
				PRODUCT_NAME = "$(TARGET_NAME)";
				SWIFT_EMIT_LOC_STRINGS = YES;
				TARGETED_DEVICE_FAMILY = "1,2";
			};
			name = Release;
		};
/* End XCBuildConfiguration section */

/* Begin XCConfigurationList section */
		D46562B02A7A4C2E004B8BF0 /* Build configuration list for PBXProject "EnFitnessPal_IOSNative" */ = {
			isa = XCConfigurationList;
			buildConfigurations = (
				D46562CC2A7A4C30004B8BF0 /* Debug */,
				D46562CD2A7A4C30004B8BF0 /* Release */,
			);
			defaultConfigurationIsVisible = 0;
			defaultConfigurationName = Release;
		};
		D46562CE2A7A4C30004B8BF0 /* Build configuration list for PBXNativeTarget "EnFitnessPal_IOSNative" */ = {
			isa = XCConfigurationList;
			buildConfigurations = (
				D46562CF2A7A4C30004B8BF0 /* Debug */,
				D46562D02A7A4C30004B8BF0 /* Release */,
			);
			defaultConfigurationIsVisible = 0;
			defaultConfigurationName = Release;
		};
/* End XCConfigurationList section */

/* Begin XCRemoteSwiftPackageReference section */
		D41244912A861E9100E51E8A /* XCRemoteSwiftPackageReference "AFNetworking.git" */ = {
			isa = XCRemoteSwiftPackageReference;
			repositoryURL = "https://github.com/AFNetworking/AFNetworking.git";
			requirement = {
				kind = upToNextMajorVersion;
				minimumVersion = 4.0.0;
			};
		};
/* End XCRemoteSwiftPackageReference section */

/* Begin XCSwiftPackageProductDependency section */
		D41244922A861E9100E51E8A /* AFNetworking */ = {
			isa = XCSwiftPackageProductDependency;
			package = D41244912A861E9100E51E8A /* XCRemoteSwiftPackageReference "AFNetworking.git" */;
			productName = AFNetworking;
		};
/* End XCSwiftPackageProductDependency section */
	};
	rootObject = D46562AD2A7A4C2E004B8BF0 /* Project object */;
}
